
Microsoft Visual Studio Solution File, Format Version 12.00
# Visual Studio Version 17
VisualStudioVersion = 17.3.32929.385
MinimumVisualStudioVersion = 10.0.40219.1
Project("{FAE04EC0-301F-11D3-BF4B-00C04F79EFBC}") = "EzanKonsolDeneme", "EzanKonsolDeneme\EzanKonsolDeneme.csproj", "{3B639832-0BC0-4271-AF1B-A5BACD6ECB8E}"
EndProject
Global
	GlobalSection(SolutionConfigurationPlatforms) = preSolution
		Debug|Any CPU = Debug|Any CPU
		Release|Any CPU = Release|Any CPU
	EndGlobalSection
	GlobalSection(ProjectConfigurationPlatforms) = postSolution
		{3B639832-0BC0-4271-AF1B-A5BACD6ECB8E}.Debug|Any CPU.ActiveCfg = Debug|Any CPU
		{3B639832-0BC0-4271-AF1B-A5BACD6ECB8E}.Debug|Any CPU.Build.0 = Debug|Any CPU
		{3B639832-0BC0-4271-AF1B-A5BACD6ECB8E}.Release|Any CPU.ActiveCfg = Release|Any CPU
		{3B639832-0BC0-4271-AF1B-A5BACD6ECB8E}.Release|Any CPU.Build.0 = Release|Any CPU
	EndGlobalSection
	GlobalSection(SolutionProperties) = preSolution
		HideSolutionNode = FALSE
	EndGlobalSection
	GlobalSection(ExtensibilityGlobals) = postSolution
		SolutionGuid = {629E6773-2230-4A4A-B860-BB328037A936}
	EndGlobalSection
EndGlobal
