
Microsoft Visual Studio Solution File, Format Version 12.00
# Visual Studio Version 17
VisualStudioVersion = 17.3.32922.545
MinimumVisualStudioVersion = 10.0.40219.1
Project("{FAE04EC0-301F-11D3-BF4B-00C04F79EFBC}") = "Calculator", "Calculator\Calculator.csproj", "{4034BDEE-F91E-4A32-8CAE-1FBC41890B18}"
EndProject
Global
	GlobalSection(SolutionConfigurationPlatforms) = preSolution
		Debug|Any CPU = Debug|Any CPU
		Release|Any CPU = Release|Any CPU
	EndGlobalSection
	GlobalSection(ProjectConfigurationPlatforms) = postSolution
		{4034BDEE-F91E-4A32-8CAE-1FBC41890B18}.Debug|Any CPU.ActiveCfg = Debug|Any CPU
		{4034BDEE-F91E-4A32-8CAE-1FBC41890B18}.Debug|Any CPU.Build.0 = Debug|Any CPU
		{4034BDEE-F91E-4A32-8CAE-1FBC41890B18}.Release|Any CPU.ActiveCfg = Release|Any CPU
		{4034BDEE-F91E-4A32-8CAE-1FBC41890B18}.Release|Any CPU.Build.0 = Release|Any CPU
	EndGlobalSection
	GlobalSection(SolutionProperties) = preSolution
		HideSolutionNode = FALSE
	EndGlobalSection
	GlobalSection(ExtensibilityGlobals) = postSolution
		SolutionGuid = {1294BD8B-4B9E-484B-8458-5FF12BE4D191}
	EndGlobalSection
EndGlobal
